
Microsoft Visual Studio Solution File, Format Version 12.00
# Visual Studio 15
VisualStudioVersion = 15.0.26124.0
MinimumVisualStudioVersion = 15.0.26124.0
Project("{FAE04EC0-301F-11D3-BF4B-00C04F79EFBC}") = "Orleans.Client", "Orleans.Client\Orleans.Client.csproj", "{254FF2AE-93F9-444B-A3B7-945E590D3100}"
EndProject
Project("{FAE04EC0-301F-11D3-BF4B-00C04F79EFBC}") = "Orleans.Server", "Orleans.Server\Orleans.Server.csproj", "{A65C198F-6D48-47C1-84F3-229175A55F7B}"
EndProject
Project("{FAE04EC0-301F-11D3-BF4B-00C04F79EFBC}") = "Orleans.Grains", "Orleans.Grains\Orleans.Grains.csproj", "{7A44FC31-23FD-4865-980B-F30921C06249}"
EndProject
Global
	GlobalSection(SolutionConfigurationPlatforms) = preSolution
		Debug|Any CPU = Debug|Any CPU
		Debug|x64 = Debug|x64
		Debug|x86 = Debug|x86
		Release|Any CPU = Release|Any CPU
		Release|x64 = Release|x64
		Release|x86 = Release|x86
	EndGlobalSection
	GlobalSection(SolutionProperties) = preSolution
		HideSolutionNode = FALSE
	EndGlobalSection
	GlobalSection(ProjectConfigurationPlatforms) = postSolution
		{254FF2AE-93F9-444B-A3B7-945E590D3100}.Debug|Any CPU.ActiveCfg = Debug|Any CPU
		{254FF2AE-93F9-444B-A3B7-945E590D3100}.Debug|Any CPU.Build.0 = Debug|Any CPU
		{254FF2AE-93F9-444B-A3B7-945E590D3100}.Debug|x64.ActiveCfg = Debug|Any CPU
		{254FF2AE-93F9-444B-A3B7-945E590D3100}.Debug|x64.Build.0 = Debug|Any CPU
		{254FF2AE-93F9-444B-A3B7-945E590D3100}.Debug|x86.ActiveCfg = Debug|Any CPU
		{254FF2AE-93F9-444B-A3B7-945E590D3100}.Debug|x86.Build.0 = Debug|Any CPU
		{254FF2AE-93F9-444B-A3B7-945E590D3100}.Release|Any CPU.ActiveCfg = Release|Any CPU
		{254FF2AE-93F9-444B-A3B7-945E590D3100}.Release|Any CPU.Build.0 = Release|Any CPU
		{254FF2AE-93F9-444B-A3B7-945E590D3100}.Release|x64.ActiveCfg = Release|Any CPU
		{254FF2AE-93F9-444B-A3B7-945E590D3100}.Release|x64.Build.0 = Release|Any CPU
		{254FF2AE-93F9-444B-A3B7-945E590D3100}.Release|x86.ActiveCfg = Release|Any CPU
		{254FF2AE-93F9-444B-A3B7-945E590D3100}.Release|x86.Build.0 = Release|Any CPU
		{A65C198F-6D48-47C1-84F3-229175A55F7B}.Debug|Any CPU.ActiveCfg = Debug|Any CPU
		{A65C198F-6D48-47C1-84F3-229175A55F7B}.Debug|Any CPU.Build.0 = Debug|Any CPU
		{A65C198F-6D48-47C1-84F3-229175A55F7B}.Debug|x64.ActiveCfg = Debug|Any CPU
		{A65C198F-6D48-47C1-84F3-229175A55F7B}.Debug|x64.Build.0 = Debug|Any CPU
		{A65C198F-6D48-47C1-84F3-229175A55F7B}.Debug|x86.ActiveCfg = Debug|Any CPU
		{A65C198F-6D48-47C1-84F3-229175A55F7B}.Debug|x86.Build.0 = Debug|Any CPU
		{A65C198F-6D48-47C1-84F3-229175A55F7B}.Release|Any CPU.ActiveCfg = Release|Any CPU
		{A65C198F-6D48-47C1-84F3-229175A55F7B}.Release|Any CPU.Build.0 = Release|Any CPU
		{A65C198F-6D48-47C1-84F3-229175A55F7B}.Release|x64.ActiveCfg = Release|Any CPU
		{A65C198F-6D48-47C1-84F3-229175A55F7B}.Release|x64.Build.0 = Release|Any CPU
		{A65C198F-6D48-47C1-84F3-229175A55F7B}.Release|x86.ActiveCfg = Release|Any CPU
		{A65C198F-6D48-47C1-84F3-229175A55F7B}.Release|x86.Build.0 = Release|Any CPU
		{7A44FC31-23FD-4865-980B-F30921C06249}.Debug|Any CPU.ActiveCfg = Debug|Any CPU
		{7A44FC31-23FD-4865-980B-F30921C06249}.Debug|Any CPU.Build.0 = Debug|Any CPU
		{7A44FC31-23FD-4865-980B-F30921C06249}.Debug|x64.ActiveCfg = Debug|Any CPU
		{7A44FC31-23FD-4865-980B-F30921C06249}.Debug|x64.Build.0 = Debug|Any CPU
		{7A44FC31-23FD-4865-980B-F30921C06249}.Debug|x86.ActiveCfg = Debug|Any CPU
		{7A44FC31-23FD-4865-980B-F30921C06249}.Debug|x86.Build.0 = Debug|Any CPU
		{7A44FC31-23FD-4865-980B-F30921C06249}.Release|Any CPU.ActiveCfg = Release|Any CPU
		{7A44FC31-23FD-4865-980B-F30921C06249}.Release|Any CPU.Build.0 = Release|Any CPU
		{7A44FC31-23FD-4865-980B-F30921C06249}.Release|x64.ActiveCfg = Release|Any CPU
		{7A44FC31-23FD-4865-980B-F30921C06249}.Release|x64.Build.0 = Release|Any CPU
		{7A44FC31-23FD-4865-980B-F30921C06249}.Release|x86.ActiveCfg = Release|Any CPU
		{7A44FC31-23FD-4865-980B-F30921C06249}.Release|x86.Build.0 = Release|Any CPU
	EndGlobalSection
EndGlobal
